// !$*UTF8*$!
{
	archiveVersion = 1;
	classes = {
	};
	objectVersion = 46;
	objects = {

/* Begin PBXBuildFile section */
		27D039451A15E30800910959 /* UIKit.framework in Frameworks */ = {isa = PBXBuildFile; fileRef = 27D039441A15E30800910959 /* UIKit.framework */; };
		27D039471A15E30800910959 /* Foundation.framework in Frameworks */ = {isa = PBXBuildFile; fileRef = 27D039461A15E30800910959 /* Foundation.framework */; };
		27D039491A15E30800910959 /* CoreGraphics.framework in Frameworks */ = {isa = PBXBuildFile; fileRef = 27D039481A15E30800910959 /* CoreGraphics.framework */; };
		27D0394F1A15E30800910959 /* InfoPlist.strings in Resources */ = {isa = PBXBuildFile; fileRef = 27D0394D1A15E30800910959 /* InfoPlist.strings */; };
		27D039511A15E30800910959 /* main.m in Sources */ = {isa = PBXBuildFile; fileRef = 27D039501A15E30800910959 /* main.m */; };
		27D039551A15E30900910959 /* AppDelegate.m in Sources */ = {isa = PBXBuildFile; fileRef = 27D039541A15E30900910959 /* AppDelegate.m */; };
		27D039571A15E30900910959 /* Default.png in Resources */ = {isa = PBXBuildFile; fileRef = 27D039561A15E30900910959 /* Default.png */; };
		27D039591A15E30900910959 /* Default@2x.png in Resources */ = {isa = PBXBuildFile; fileRef = 27D039581A15E30900910959 /* Default@2x.png */; };
		27D0395B1A15E30900910959 /* Default-568h@2x.png in Resources */ = {isa = PBXBuildFile; fileRef = 27D0395A1A15E30900910959 /* Default-568h@2x.png */; };
		27D0395E1A15E30900910959 /* ViewController.m in Sources */ = {isa = PBXBuildFile; fileRef = 27D0395D1A15E30900910959 /* ViewController.m */; };
		27D039611A15E30900910959 /* ViewController.xib in Resources */ = {isa = PBXBuildFile; fileRef = 27D0395F1A15E30900910959 /* ViewController.xib */; };
/* End PBXBuildFile section */

/* Begin PBXFileReference section */
		27D039411A15E30800910959 /* helloworld.app */ = {isa = PBXFileReference; explicitFileType = wrapper.application; includeInIndex = 0; path = helloworld.app; sourceTree = BUILT_PRODUCTS_DIR; };
		27D039441A15E30800910959 /* UIKit.framework */ = {isa = PBXFileReference; lastKnownFileType = wrapper.framework; name = UIKit.framework; path = System/Library/Frameworks/UIKit.framework; sourceTree = SDKROOT; };
		27D039461A15E30800910959 /* Foundation.framework */ = {isa = PBXFileReference; lastKnownFileType = wrapper.framework; name = Foundation.framework; path = System/Library/Frameworks/Foundation.framework; sourceTree = SDKROOT; };
		27D039481A15E30800910959 /* CoreGraphics.framework */ = {isa = PBXFileReference; lastKnownFileType = wrapper.framework; name = CoreGraphics.framework; path = System/Library/Frameworks/CoreGraphics.framework; sourceTree = SDKROOT; };
		27D0394C1A15E30800910959 /* helloworld-Info.plist */ = {isa = PBXFileReference; lastKnownFileType = text.plist.xml; path = "helloworld-Info.plist"; sourceTree = "<group>"; };
		27D0394E1A15E30800910959 /* en */ = {isa = PBXFileReference; lastKnownFileType = text.plist.strings; name = en; path = en.lproj/InfoPlist.strings; sourceTree = "<group>"; };
		27D039501A15E30800910959 /* main.m */ = {isa = PBXFileReference; lastKnownFileType = sourcecode.c.objc; path = main.m; sourceTree = "<group>"; };
		27D039521A15E30900910959 /* helloworld-Prefix.pch */ = {isa = PBXFileReference; lastKnownFileType = sourcecode.c.h; path = "helloworld-Prefix.pch"; sourceTree = "<group>"; };
		27D039531A15E30900910959 /* AppDelegate.h */ = {isa = PBXFileReference; lastKnownFileType = sourcecode.c.h; path = AppDelegate.h; sourceTree = "<group>"; };
		27D039541A15E30900910959 /* AppDelegate.m */ = {isa = PBXFileReference; lastKnownFileType = sourcecode.c.objc; path = AppDelegate.m; sourceTree = "<group>"; };
		27D039561A15E30900910959 /* Default.png */ = {isa = PBXFileReference; lastKnownFileType = image.png; path = Default.png; sourceTree = "<group>"; };
		27D039581A15E30900910959 /* Default@2x.png */ = {isa = PBXFileReference; lastKnownFileType = image.png; path = "Default@2x.png"; sourceTree = "<group>"; };
		27D0395A1A15E30900910959 /* Default-568h@2x.png */ = {isa = PBXFileReference; lastKnownFileType = image.png; path = "Default-568h@2x.png"; sourceTree = "<group>"; };
		27D0395C1A15E30900910959 /* ViewController.h */ = {isa = PBXFileReference; lastKnownFileType = sourcecode.c.h; path = ViewController.h; sourceTree = "<group>"; };
		27D0395D1A15E30900910959 /* ViewController.m */ = {isa = PBXFileReference; lastKnownFileType = sourcecode.c.objc; path = ViewController.m; sourceTree = "<group>"; };
		27D039601A15E30900910959 /* en */ = {isa = PBXFileReference; lastKnownFileType = file.xib; name = en; path = en.lproj/ViewController.xib; sourceTree = "<group>"; };
/* End PBXFileReference section */

/* Begin PBXFrameworksBuildPhase section */
		27D0393E1A15E30800910959 /* Frameworks */ = {
			isa = PBXFrameworksBuildPhase;
			buildActionMask = 2147483647;
			files = (
				27D039451A15E30800910959 /* UIKit.framework in Frameworks */,
				27D039471A15E30800910959 /* Foundation.framework in Frameworks */,
				27D039491A15E30800910959 /* CoreGraphics.framework in Frameworks */,
			);
			runOnlyForDeploymentPostprocessing = 0;
		};
/* End PBXFrameworksBuildPhase section */

/* Begin PBXGroup section */
		27D039381A15E30800910959 = {
			isa = PBXGroup;
			children = (
				27D0394A1A15E30800910959 /* helloworld */,
				27D039431A15E30800910959 /* Frameworks */,
				27D039421A15E30800910959 /* Products */,
			);
			sourceTree = "<group>";
		};
		27D039421A15E30800910959 /* Products */ = {
			isa = PBXGroup;
			children = (
				27D039411A15E30800910959 /* helloworld.app */,
			);
			name = Products;
			sourceTree = "<group>";
		};
		27D039431A15E30800910959 /* Frameworks */ = {
			isa = PBXGroup;
			children = (
				27D039441A15E30800910959 /* UIKit.framework */,
				27D039461A15E30800910959 /* Foundation.framework */,
				27D039481A15E30800910959 /* CoreGraphics.framework */,
			);
			name = Frameworks;
			sourceTree = "<group>";
		};
		27D0394A1A15E30800910959 /* helloworld */ = {
			isa = PBXGroup;
			children = (
				27D039531A15E30900910959 /* AppDelegate.h */,
				27D039541A15E30900910959 /* AppDelegate.m */,
				27D0395C1A15E30900910959 /* ViewController.h */,
				27D0395D1A15E30900910959 /* ViewController.m */,
				27D0395F1A15E30900910959 /* ViewController.xib */,
				27D0394B1A15E30800910959 /* Supporting Files */,
			);
			path = helloworld;
			sourceTree = "<group>";
		};
		27D0394B1A15E30800910959 /* Supporting Files */ = {
			isa = PBXGroup;
			children = (
				27D0394C1A15E30800910959 /* helloworld-Info.plist */,
				27D0394D1A15E30800910959 /* InfoPlist.strings */,
				27D039501A15E30800910959 /* main.m */,
				27D039521A15E30900910959 /* helloworld-Prefix.pch */,
				27D039561A15E30900910959 /* Default.png */,
				27D039581A15E30900910959 /* Default@2x.png */,
				27D0395A1A15E30900910959 /* Default-568h@2x.png */,
			);
			name = "Supporting Files";
			sourceTree = "<group>";
		};
/* End PBXGroup section */

/* Begin PBXNativeTarget section */
		27D039401A15E30800910959 /* helloworld */ = {
			isa = PBXNativeTarget;
			buildConfigurationList = 27D039641A15E30900910959 /* Build configuration list for PBXNativeTarget "helloworld" */;
			buildPhases = (
				27D0393D1A15E30800910959 /* Sources */,
				27D0393E1A15E30800910959 /* Frameworks */,
				27D0393F1A15E30800910959 /* Resources */,
			);
			buildRules = (
			);
			dependencies = (
			);
			name = helloworld;
			productName = helloworld;
			productReference = 27D039411A15E30800910959 /* helloworld.app */;
			productType = "com.apple.product-type.application";
		};
/* End PBXNativeTarget section */

/* Begin PBXProject section */
		27D039391A15E30800910959 /* Project object */ = {
			isa = PBXProject;
			attributes = {
				LastUpgradeCheck = 0460;
				ORGANIZATIONNAME = "zhan hua";
			};
			buildConfigurationList = 27D0393C1A15E30800910959 /* Build configuration list for PBXProject "helloworld" */;
			compatibilityVersion = "Xcode 3.2";
			developmentRegion = English;
			hasScannedForEncodings = 0;
			knownRegions = (
				en,
			);
			mainGroup = 27D039381A15E30800910959;
			productRefGroup = 27D039421A15E30800910959 /* Products */;
			projectDirPath = "";
			projectRoot = "";
			targets = (
				27D039401A15E30800910959 /* helloworld */,
			);
		};
/* End PBXProject section */

/* Begin PBXResourcesBuildPhase section */
		27D0393F1A15E30800910959 /* Resources */ = {
			isa = PBXResourcesBuildPhase;
			buildActionMask = 2147483647;
			files = (
				27D0394F1A15E30800910959 /* InfoPlist.strings in Resources */,
				27D039571A15E30900910959 /* Default.png in Resources */,
				27D039591A15E30900910959 /* Default@2x.png in Resources */,
				27D0395B1A15E30900910959 /* Default-568h@2x.png in Resources */,
				27D039611A15E30900910959 /* ViewController.xib in Resources */,
			);
			runOnlyForDeploymentPostprocessing = 0;
		};
/* End PBXResourcesBuildPhase section */

/* Begin PBXSourcesBuildPhase section */
		27D0393D1A15E30800910959 /* Sources */ = {
			isa = PBXSourcesBuildPhase;
			buildActionMask = 2147483647;
			files = (
				27D039511A15E30800910959 /* main.m in Sources */,
				27D039551A15E30900910959 /* AppDelegate.m in Sources */,
				27D0395E1A15E30900910959 /* ViewController.m in Sources */,
			);
			runOnlyForDeploymentPostprocessing = 0;
		};
/* End PBXSourcesBuildPhase section */

/* Begin PBXVariantGroup section */
		27D0394D1A15E30800910959 /* InfoPlist.strings */ = {
			isa = PBXVariantGroup;
			children = (
				27D0394E1A15E30800910959 /* en */,
			);
			name = InfoPlist.strings;
			sourceTree = "<group>";
		};
		27D0395F1A15E30900910959 /* ViewController.xib */ = {
			isa = PBXVariantGroup;
			children = (
				27D039601A15E30900910959 /* en */,
			);
			name = ViewController.xib;
			sourceTree = "<group>";
		};
/* End PBXVariantGroup section */

/* Begin XCBuildConfiguration section */
		27D039621A15E30900910959 /* Debug */ = {
			isa = XCBuildConfiguration;
			buildSettings = {
				ALWAYS_SEARCH_USER_PATHS = NO;
				CLANG_CXX_LANGUAGE_STANDARD = "gnu++0x";
				CLANG_CXX_LIBRARY = "libc++";
				CLANG_ENABLE_OBJC_ARC = YES;
				CLANG_WARN_CONSTANT_CONVERSION = YES;
				CLANG_WARN_EMPTY_BODY = YES;
				CLANG_WARN_ENUM_CONVERSION = YES;
				CLANG_WARN_INT_CONVERSION = YES;
				CLANG_WARN__DUPLICATE_METHOD_MATCH = YES;
				"CODE_SIGN_IDENTITY[sdk=iphoneos*]" = "iPhone Developer";
				COPY_PHASE_STRIP = NO;
				GCC_C_LANGUAGE_STANDARD = gnu99;
				GCC_DYNAMIC_NO_PIC = NO;
				GCC_OPTIMIZATION_LEVEL = 0;
				GCC_PREPROCESSOR_DEFINITIONS = (
					"DEBUG=1",
					"$(inherited)",
				);
				GCC_SYMBOLS_PRIVATE_EXTERN = NO;
				GCC_WARN_ABOUT_RETURN_TYPE = YES;
				GCC_WARN_UNINITIALIZED_AUTOS = YES;
				GCC_WARN_UNUSED_VARIABLE = YES;
				IPHONEOS_DEPLOYMENT_TARGET = 6.1;
				ONLY_ACTIVE_ARCH = YES;
				SDKROOT = iphoneos;
			};
			name = Debug;
		};
		27D039631A15E30900910959 /* Release */ = {
			isa = XCBuildConfiguration;
			buildSettings = {
				ALWAYS_SEARCH_USER_PATHS = NO;
				CLANG_CXX_LANGUAGE_STANDARD = "gnu++0x";
				CLANG_CXX_LIBRARY = "libc++";
				CLANG_ENABLE_OBJC_ARC = YES;
				CLANG_WARN_CONSTANT_CONVERSION = YES;
				CLANG_WARN_EMPTY_BODY = YES;
				CLANG_WARN_ENUM_CONVERSION = YES;
				CLANG_WARN_INT_CONVERSION = YES;
				CLANG_WARN__DUPLICATE_METHOD_MATCH = YES;
				"CODE_SIGN_IDENTITY[sdk=iphoneos*]" = "iPhone Developer";
				COPY_PHASE_STRIP = YES;
				GCC_C_LANGUAGE_STANDARD = gnu99;
				GCC_WARN_ABOUT_RETURN_TYPE = YES;
				GCC_WARN_UNINITIALIZED_AUTOS = YES;
				GCC_WARN_UNUSED_VARIABLE = YES;
				IPHONEOS_DEPLOYMENT_TARGET = 6.1;
				OTHER_CFLAGS = "-DNS_BLOCK_ASSERTIONS=1";
				SDKROOT = iphoneos;
				VALIDATE_PRODUCT = YES;
			};
			name = Release;
		};
		27D039651A15E30900910959 /* Debug */ = {
			isa = XCBuildConfiguration;
			buildSettings = {
				GCC_PRECOMPILE_PREFIX_HEADER = YES;
				GCC_PREFIX_HEADER = "helloworld/helloworld-Prefix.pch";
				INFOPLIST_FILE = "helloworld/helloworld-Info.plist";
				PRODUCT_NAME = "$(TARGET_NAME)";
				WRAPPER_EXTENSION = app;
			};
			name = Debug;
		};
		27D039661A15E30900910959 /* Release */ = {
			isa = XCBuildConfiguration;
			buildSettings = {
				GCC_PRECOMPILE_PREFIX_HEADER = YES;
				GCC_PREFIX_HEADER = "helloworld/helloworld-Prefix.pch";
				INFOPLIST_FILE = "helloworld/helloworld-Info.plist";
				PRODUCT_NAME = "$(TARGET_NAME)";
				WRAPPER_EXTENSION = app;
			};
			name = Release;
		};
/* End XCBuildConfiguration section */

/* Begin XCConfigurationList section */
		27D0393C1A15E30800910959 /* Build configuration list for PBXProject "helloworld" */ = {
			isa = XCConfigurationList;
			buildConfigurations = (
				27D039621A15E30900910959 /* Debug */,
				27D039631A15E30900910959 /* Release */,
			);
			defaultConfigurationIsVisible = 0;
			defaultConfigurationName = Release;
		};
		27D039641A15E30900910959 /* Build configuration list for PBXNativeTarget "helloworld" */ = {
			isa = XCConfigurationList;
			buildConfigurations = (
				27D039651A15E30900910959 /* Debug */,
				27D039661A15E30900910959 /* Release */,
			);
			defaultConfigurationIsVisible = 0;
		};
/* End XCConfigurationList section */
	};
	rootObject = 27D039391A15E30800910959 /* Project object */;
}
